{"1.2.0",
[{<<"getopt">>,{pkg,<<"getopt">>,<<"1.0.2">>},0},
 {<<"jsone">>,{pkg,<<"jsone">>,<<"1.8.0">>},0}]}.
[
{pkg_hash,[
 {<<"getopt">>, <<"33D9B44289FE7AD08627DDFE1D798E30B2DA0033B51DA1B3A2D64E72CD581D02">>},
 {<<"jsone">>, <<"347FF1FA700E182E1F9C5012FA6D737B12C854313B9AE6954CA75D3987D6C06D">>}]},
{pkg_hash_ext,[
 {<<"getopt">>, <<"A0029AEA4322FB82A61F6876A6D9C66DC9878B6CB61FAA13DF3187384FD4EA26">>},
 {<<"jsone">>, <<"08560B78624A12E0B5E7EC0271EC8CA38EF51F63D84D84843473E14D9B12618C">>}]}
].
